
Microsoft Visual Studio Solution File, Format Version 12.00
# Visual Studio Version 16
VisualStudioVersion = 16.0.30804.86
MinimumVisualStudioVersion = 10.0.40219.1
Project("{FAE04EC0-301F-11D3-BF4B-00C04F79EFBC}") = "OutDemo", "OutDemo\OutDemo.csproj", "{7A96EEDA-A7E5-4ACD-B87E-08654B210393}"
EndProject
Project("{FAE04EC0-301F-11D3-BF4B-00C04F79EFBC}") = "TryParseDemo", "TryParseDemo\TryParseDemo.csproj", "{AA5AF82B-F21C-41B5-A4B0-D3DD7732BEFE}"
EndProject
Global
	GlobalSection(SolutionConfigurationPlatforms) = preSolution
		Debug|Any CPU = Debug|Any CPU
		Release|Any CPU = Release|Any CPU
	EndGlobalSection
	GlobalSection(ProjectConfigurationPlatforms) = postSolution
		{7A96EEDA-A7E5-4ACD-B87E-08654B210393}.Debug|Any CPU.ActiveCfg = Debug|Any CPU
		{7A96EEDA-A7E5-4ACD-B87E-08654B210393}.Debug|Any CPU.Build.0 = Debug|Any CPU
		{7A96EEDA-A7E5-4ACD-B87E-08654B210393}.Release|Any CPU.ActiveCfg = Release|Any CPU
		{7A96EEDA-A7E5-4ACD-B87E-08654B210393}.Release|Any CPU.Build.0 = Release|Any CPU
		{AA5AF82B-F21C-41B5-A4B0-D3DD7732BEFE}.Debug|Any CPU.ActiveCfg = Debug|Any CPU
		{AA5AF82B-F21C-41B5-A4B0-D3DD7732BEFE}.Debug|Any CPU.Build.0 = Debug|Any CPU
		{AA5AF82B-F21C-41B5-A4B0-D3DD7732BEFE}.Release|Any CPU.ActiveCfg = Release|Any CPU
		{AA5AF82B-F21C-41B5-A4B0-D3DD7732BEFE}.Release|Any CPU.Build.0 = Release|Any CPU
	EndGlobalSection
	GlobalSection(SolutionProperties) = preSolution
		HideSolutionNode = FALSE
	EndGlobalSection
	GlobalSection(ExtensibilityGlobals) = postSolution
		SolutionGuid = {F6E4E458-F3DC-46C5-86F5-3E1C9A28E7C8}
	EndGlobalSection
EndGlobal
